
Microsoft Visual Studio Solution File, Format Version 12.00
# Visual Studio Version 17
VisualStudioVersion = 17.5.33502.453
MinimumVisualStudioVersion = 10.0.40219.1
Project("{FAE04EC0-301F-11D3-BF4B-00C04F79EFBC}") = "Spravochnik", "Spravochnik\Spravochnik.csproj", "{FCEC0B19-3A98-43C5-B154-A1C5C59B1153}"
EndProject
Global
	GlobalSection(SolutionConfigurationPlatforms) = preSolution
		Debug|Any CPU = Debug|Any CPU
		Release|Any CPU = Release|Any CPU
	EndGlobalSection
	GlobalSection(ProjectConfigurationPlatforms) = postSolution
		{FCEC0B19-3A98-43C5-B154-A1C5C59B1153}.Debug|Any CPU.ActiveCfg = Debug|Any CPU
		{FCEC0B19-3A98-43C5-B154-A1C5C59B1153}.Debug|Any CPU.Build.0 = Debug|Any CPU
		{FCEC0B19-3A98-43C5-B154-A1C5C59B1153}.Release|Any CPU.ActiveCfg = Release|Any CPU
		{FCEC0B19-3A98-43C5-B154-A1C5C59B1153}.Release|Any CPU.Build.0 = Release|Any CPU
	EndGlobalSection
	GlobalSection(SolutionProperties) = preSolution
		HideSolutionNode = FALSE
	EndGlobalSection
	GlobalSection(ExtensibilityGlobals) = postSolution
		SolutionGuid = {F5D7A6A5-010E-4152-8E99-EEBD4CCBFBB4}
	EndGlobalSection
EndGlobal
